
Microsoft Visual Studio Solution File, Format Version 12.00
# Visual Studio Express 2012 for Windows Desktop
Project("{FAE04EC0-301F-11D3-BF4B-00C04F79EFBC}") = "BotServer", "BotServer\BotServer.csproj", "{79BADAB6-E2CA-49EC-B8F2-9881CBB9DDDE}"
EndProject
Project("{FAE04EC0-301F-11D3-BF4B-00C04F79EFBC}") = "CommunicationHandler", "CommunicationHandler\CommunicationHandler.csproj", "{34E1D2D3-CC46-4B07-A042-6632FFFBF463}"
EndProject
Project("{FAE04EC0-301F-11D3-BF4B-00C04F79EFBC}") = "FFXIEvents", "FFXIEvents\FFXIEvents.csproj", "{407EC650-0594-47C0-971B-AF7DE61FDEA9}"
EndProject
Project("{FAE04EC0-301F-11D3-BF4B-00C04F79EFBC}") = "FFXIWebObserver", "FFXIWebObserver\FFXIWebObserver.csproj", "{0AA5A538-D01D-4367-8030-89C9912D6DB0}"
EndProject
Project("{FAE04EC0-301F-11D3-BF4B-00C04F79EFBC}") = "FFXIWorldKnowledge", "FFXIWorldKnowledge\FFXIWorldKnowledge.csproj", "{A911670E-5654-4AB5-B30B-286C59E39D7A}"
EndProject
Project("{FAE04EC0-301F-11D3-BF4B-00C04F79EFBC}") = "FFXIMemoryObserver", "FFXIMemoryObserver\FFXIMemoryObserver.csproj", "{E6E2170D-CD2F-46A5-83B1-84DF60FAFCC2}"
EndProject
Project("{FAE04EC0-301F-11D3-BF4B-00C04F79EFBC}") = "FFXIAggregateRoots", "FFXIAggregateRoots\FFXIAggregateRoots.csproj", "{B1815F78-4ECE-4985-866A-F5F0B98304CD}"
EndProject
Project("{FAE04EC0-301F-11D3-BF4B-00C04F79EFBC}") = "FFXICommands", "FFXICommands\FFXICommands.csproj", "{25F632D3-8E88-4944-8EEF-005F21E93525}"
EndProject
Project("{FAE04EC0-301F-11D3-BF4B-00C04F79EFBC}") = "BotVisualServer", "BotVisualServer\BotVisualServer.csproj", "{52124A3A-D684-46A2-9804-22C79561F0EE}"
EndProject
Project("{FAE04EC0-301F-11D3-BF4B-00C04F79EFBC}") = "Commons", "Commons\Commons.csproj", "{F62337A5-84EF-413D-ADA0-012DFC3FED8F}"
EndProject
Project("{FAE04EC0-301F-11D3-BF4B-00C04F79EFBC}") = "FFACETools_CSharp", "FFACETools_CSharp\FFACETools_CSharp.csproj", "{D21CA99C-BE12-4F3E-8DB2-9285FF833E25}"
EndProject
Project("{FAE04EC0-301F-11D3-BF4B-00C04F79EFBC}") = "FFXIStrategies", "FFXIStrategies\FFXIStrategies.csproj", "{82F5E385-DDEA-4FBA-BFEC-3F8A489295BA}"
EndProject
Global
	GlobalSection(SolutionConfigurationPlatforms) = preSolution
		Debug|Any CPU = Debug|Any CPU
		Debug|Mixed Platforms = Debug|Mixed Platforms
		Debug|Win32 = Debug|Win32
		Release|Any CPU = Release|Any CPU
		Release|Mixed Platforms = Release|Mixed Platforms
		Release|Win32 = Release|Win32
		ReleaseFinal|Any CPU = ReleaseFinal|Any CPU
		ReleaseFinal|Mixed Platforms = ReleaseFinal|Mixed Platforms
		ReleaseFinal|Win32 = ReleaseFinal|Win32
	EndGlobalSection
	GlobalSection(ProjectConfigurationPlatforms) = postSolution
		{79BADAB6-E2CA-49EC-B8F2-9881CBB9DDDE}.Debug|Any CPU.ActiveCfg = Debug|Any CPU
		{79BADAB6-E2CA-49EC-B8F2-9881CBB9DDDE}.Debug|Any CPU.Build.0 = Debug|Any CPU
		{79BADAB6-E2CA-49EC-B8F2-9881CBB9DDDE}.Debug|Mixed Platforms.ActiveCfg = Debug|Any CPU
		{79BADAB6-E2CA-49EC-B8F2-9881CBB9DDDE}.Debug|Mixed Platforms.Build.0 = Debug|Any CPU
		{79BADAB6-E2CA-49EC-B8F2-9881CBB9DDDE}.Debug|Win32.ActiveCfg = Debug|Any CPU
		{79BADAB6-E2CA-49EC-B8F2-9881CBB9DDDE}.Release|Any CPU.ActiveCfg = Release|Any CPU
		{79BADAB6-E2CA-49EC-B8F2-9881CBB9DDDE}.Release|Any CPU.Build.0 = Release|Any CPU
		{79BADAB6-E2CA-49EC-B8F2-9881CBB9DDDE}.Release|Mixed Platforms.ActiveCfg = Release|Any CPU
		{79BADAB6-E2CA-49EC-B8F2-9881CBB9DDDE}.Release|Mixed Platforms.Build.0 = Release|Any CPU
		{79BADAB6-E2CA-49EC-B8F2-9881CBB9DDDE}.Release|Win32.ActiveCfg = Release|Any CPU
		{79BADAB6-E2CA-49EC-B8F2-9881CBB9DDDE}.ReleaseFinal|Any CPU.ActiveCfg = ReleaseFinal|Any CPU
		{79BADAB6-E2CA-49EC-B8F2-9881CBB9DDDE}.ReleaseFinal|Any CPU.Build.0 = ReleaseFinal|Any CPU
		{79BADAB6-E2CA-49EC-B8F2-9881CBB9DDDE}.ReleaseFinal|Mixed Platforms.ActiveCfg = ReleaseFinal|Any CPU
		{79BADAB6-E2CA-49EC-B8F2-9881CBB9DDDE}.ReleaseFinal|Mixed Platforms.Build.0 = ReleaseFinal|Any CPU
		{79BADAB6-E2CA-49EC-B8F2-9881CBB9DDDE}.ReleaseFinal|Win32.ActiveCfg = ReleaseFinal|Any CPU
		{34E1D2D3-CC46-4B07-A042-6632FFFBF463}.Debug|Any CPU.ActiveCfg = Debug|Any CPU
		{34E1D2D3-CC46-4B07-A042-6632FFFBF463}.Debug|Any CPU.Build.0 = Debug|Any CPU
		{34E1D2D3-CC46-4B07-A042-6632FFFBF463}.Debug|Mixed Platforms.ActiveCfg = Debug|Any CPU
		{34E1D2D3-CC46-4B07-A042-6632FFFBF463}.Debug|Mixed Platforms.Build.0 = Debug|Any CPU
		{34E1D2D3-CC46-4B07-A042-6632FFFBF463}.Debug|Win32.ActiveCfg = Debug|Any CPU
		{34E1D2D3-CC46-4B07-A042-6632FFFBF463}.Release|Any CPU.ActiveCfg = Release|Any CPU
		{34E1D2D3-CC46-4B07-A042-6632FFFBF463}.Release|Any CPU.Build.0 = Release|Any CPU
		{34E1D2D3-CC46-4B07-A042-6632FFFBF463}.Release|Mixed Platforms.ActiveCfg = Release|Any CPU
		{34E1D2D3-CC46-4B07-A042-6632FFFBF463}.Release|Mixed Platforms.Build.0 = Release|Any CPU
		{34E1D2D3-CC46-4B07-A042-6632FFFBF463}.Release|Win32.ActiveCfg = Release|Any CPU
		{34E1D2D3-CC46-4B07-A042-6632FFFBF463}.ReleaseFinal|Any CPU.ActiveCfg = ReleaseFinal|Any CPU
		{34E1D2D3-CC46-4B07-A042-6632FFFBF463}.ReleaseFinal|Any CPU.Build.0 = ReleaseFinal|Any CPU
		{34E1D2D3-CC46-4B07-A042-6632FFFBF463}.ReleaseFinal|Mixed Platforms.ActiveCfg = ReleaseFinal|Any CPU
		{34E1D2D3-CC46-4B07-A042-6632FFFBF463}.ReleaseFinal|Mixed Platforms.Build.0 = ReleaseFinal|Any CPU
		{34E1D2D3-CC46-4B07-A042-6632FFFBF463}.ReleaseFinal|Win32.ActiveCfg = ReleaseFinal|Any CPU
		{407EC650-0594-47C0-971B-AF7DE61FDEA9}.Debug|Any CPU.ActiveCfg = Debug|Any CPU
		{407EC650-0594-47C0-971B-AF7DE61FDEA9}.Debug|Any CPU.Build.0 = Debug|Any CPU
		{407EC650-0594-47C0-971B-AF7DE61FDEA9}.Debug|Mixed Platforms.ActiveCfg = Debug|Any CPU
		{407EC650-0594-47C0-971B-AF7DE61FDEA9}.Debug|Mixed Platforms.Build.0 = Debug|Any CPU
		{407EC650-0594-47C0-971B-AF7DE61FDEA9}.Debug|Win32.ActiveCfg = Debug|Any CPU
		{407EC650-0594-47C0-971B-AF7DE61FDEA9}.Release|Any CPU.ActiveCfg = Release|Any CPU
		{407EC650-0594-47C0-971B-AF7DE61FDEA9}.Release|Any CPU.Build.0 = Release|Any CPU
		{407EC650-0594-47C0-971B-AF7DE61FDEA9}.Release|Mixed Platforms.ActiveCfg = Release|Any CPU
		{407EC650-0594-47C0-971B-AF7DE61FDEA9}.Release|Mixed Platforms.Build.0 = Release|Any CPU
		{407EC650-0594-47C0-971B-AF7DE61FDEA9}.Release|Win32.ActiveCfg = Release|Any CPU
		{407EC650-0594-47C0-971B-AF7DE61FDEA9}.ReleaseFinal|Any CPU.ActiveCfg = ReleaseFinal|Any CPU
		{407EC650-0594-47C0-971B-AF7DE61FDEA9}.ReleaseFinal|Any CPU.Build.0 = ReleaseFinal|Any CPU
		{407EC650-0594-47C0-971B-AF7DE61FDEA9}.ReleaseFinal|Mixed Platforms.ActiveCfg = ReleaseFinal|Any CPU
		{407EC650-0594-47C0-971B-AF7DE61FDEA9}.ReleaseFinal|Mixed Platforms.Build.0 = ReleaseFinal|Any CPU
		{407EC650-0594-47C0-971B-AF7DE61FDEA9}.ReleaseFinal|Win32.ActiveCfg = ReleaseFinal|Any CPU
		{0AA5A538-D01D-4367-8030-89C9912D6DB0}.Debug|Any CPU.ActiveCfg = Debug|Any CPU
		{0AA5A538-D01D-4367-8030-89C9912D6DB0}.Debug|Any CPU.Build.0 = Debug|Any CPU
		{0AA5A538-D01D-4367-8030-89C9912D6DB0}.Debug|Mixed Platforms.ActiveCfg = Debug|Any CPU
		{0AA5A538-D01D-4367-8030-89C9912D6DB0}.Debug|Mixed Platforms.Build.0 = Debug|Any CPU
		{0AA5A538-D01D-4367-8030-89C9912D6DB0}.Debug|Win32.ActiveCfg = Debug|Any CPU
		{0AA5A538-D01D-4367-8030-89C9912D6DB0}.Release|Any CPU.ActiveCfg = Release|Any CPU
		{0AA5A538-D01D-4367-8030-89C9912D6DB0}.Release|Any CPU.Build.0 = Release|Any CPU
		{0AA5A538-D01D-4367-8030-89C9912D6DB0}.Release|Mixed Platforms.ActiveCfg = Release|Any CPU
		{0AA5A538-D01D-4367-8030-89C9912D6DB0}.Release|Mixed Platforms.Build.0 = Release|Any CPU
		{0AA5A538-D01D-4367-8030-89C9912D6DB0}.Release|Win32.ActiveCfg = Release|Any CPU
		{0AA5A538-D01D-4367-8030-89C9912D6DB0}.ReleaseFinal|Any CPU.ActiveCfg = ReleaseFinal|Any CPU
		{0AA5A538-D01D-4367-8030-89C9912D6DB0}.ReleaseFinal|Any CPU.Build.0 = ReleaseFinal|Any CPU
		{0AA5A538-D01D-4367-8030-89C9912D6DB0}.ReleaseFinal|Mixed Platforms.ActiveCfg = ReleaseFinal|Any CPU
		{0AA5A538-D01D-4367-8030-89C9912D6DB0}.ReleaseFinal|Mixed Platforms.Build.0 = ReleaseFinal|Any CPU
		{0AA5A538-D01D-4367-8030-89C9912D6DB0}.ReleaseFinal|Win32.ActiveCfg = ReleaseFinal|Any CPU
		{A911670E-5654-4AB5-B30B-286C59E39D7A}.Debug|Any CPU.ActiveCfg = Debug|Any CPU
		{A911670E-5654-4AB5-B30B-286C59E39D7A}.Debug|Any CPU.Build.0 = Debug|Any CPU
		{A911670E-5654-4AB5-B30B-286C59E39D7A}.Debug|Mixed Platforms.ActiveCfg = Debug|Any CPU
		{A911670E-5654-4AB5-B30B-286C59E39D7A}.Debug|Mixed Platforms.Build.0 = Debug|Any CPU
		{A911670E-5654-4AB5-B30B-286C59E39D7A}.Debug|Win32.ActiveCfg = Debug|Any CPU
		{A911670E-5654-4AB5-B30B-286C59E39D7A}.Release|Any CPU.ActiveCfg = Release|Any CPU
		{A911670E-5654-4AB5-B30B-286C59E39D7A}.Release|Any CPU.Build.0 = Release|Any CPU
		{A911670E-5654-4AB5-B30B-286C59E39D7A}.Release|Mixed Platforms.ActiveCfg = Release|Any CPU
		{A911670E-5654-4AB5-B30B-286C59E39D7A}.Release|Mixed Platforms.Build.0 = Release|Any CPU
		{A911670E-5654-4AB5-B30B-286C59E39D7A}.Release|Win32.ActiveCfg = Release|Any CPU
		{A911670E-5654-4AB5-B30B-286C59E39D7A}.ReleaseFinal|Any CPU.ActiveCfg = ReleaseFinal|Any CPU
		{A911670E-5654-4AB5-B30B-286C59E39D7A}.ReleaseFinal|Any CPU.Build.0 = ReleaseFinal|Any CPU
		{A911670E-5654-4AB5-B30B-286C59E39D7A}.ReleaseFinal|Mixed Platforms.ActiveCfg = ReleaseFinal|Any CPU
		{A911670E-5654-4AB5-B30B-286C59E39D7A}.ReleaseFinal|Mixed Platforms.Build.0 = ReleaseFinal|Any CPU
		{A911670E-5654-4AB5-B30B-286C59E39D7A}.ReleaseFinal|Win32.ActiveCfg = ReleaseFinal|Any CPU
		{E6E2170D-CD2F-46A5-83B1-84DF60FAFCC2}.Debug|Any CPU.ActiveCfg = Debug|Any CPU
		{E6E2170D-CD2F-46A5-83B1-84DF60FAFCC2}.Debug|Any CPU.Build.0 = Debug|Any CPU
		{E6E2170D-CD2F-46A5-83B1-84DF60FAFCC2}.Debug|Mixed Platforms.ActiveCfg = Debug|Any CPU
		{E6E2170D-CD2F-46A5-83B1-84DF60FAFCC2}.Debug|Mixed Platforms.Build.0 = Debug|Any CPU
		{E6E2170D-CD2F-46A5-83B1-84DF60FAFCC2}.Debug|Win32.ActiveCfg = Debug|Any CPU
		{E6E2170D-CD2F-46A5-83B1-84DF60FAFCC2}.Release|Any CPU.ActiveCfg = Release|Any CPU
		{E6E2170D-CD2F-46A5-83B1-84DF60FAFCC2}.Release|Any CPU.Build.0 = Release|Any CPU
		{E6E2170D-CD2F-46A5-83B1-84DF60FAFCC2}.Release|Mixed Platforms.ActiveCfg = Release|Any CPU
		{E6E2170D-CD2F-46A5-83B1-84DF60FAFCC2}.Release|Mixed Platforms.Build.0 = Release|Any CPU
		{E6E2170D-CD2F-46A5-83B1-84DF60FAFCC2}.Release|Win32.ActiveCfg = Release|Any CPU
		{E6E2170D-CD2F-46A5-83B1-84DF60FAFCC2}.ReleaseFinal|Any CPU.ActiveCfg = ReleaseFinal|Any CPU
		{E6E2170D-CD2F-46A5-83B1-84DF60FAFCC2}.ReleaseFinal|Any CPU.Build.0 = ReleaseFinal|Any CPU
		{E6E2170D-CD2F-46A5-83B1-84DF60FAFCC2}.ReleaseFinal|Mixed Platforms.ActiveCfg = ReleaseFinal|Any CPU
		{E6E2170D-CD2F-46A5-83B1-84DF60FAFCC2}.ReleaseFinal|Mixed Platforms.Build.0 = ReleaseFinal|Any CPU
		{E6E2170D-CD2F-46A5-83B1-84DF60FAFCC2}.ReleaseFinal|Win32.ActiveCfg = ReleaseFinal|Any CPU
		{B1815F78-4ECE-4985-866A-F5F0B98304CD}.Debug|Any CPU.ActiveCfg = Debug|Any CPU
		{B1815F78-4ECE-4985-866A-F5F0B98304CD}.Debug|Any CPU.Build.0 = Debug|Any CPU
		{B1815F78-4ECE-4985-866A-F5F0B98304CD}.Debug|Mixed Platforms.ActiveCfg = Debug|Any CPU
		{B1815F78-4ECE-4985-866A-F5F0B98304CD}.Debug|Mixed Platforms.Build.0 = Debug|Any CPU
		{B1815F78-4ECE-4985-866A-F5F0B98304CD}.Debug|Win32.ActiveCfg = Debug|Any CPU
		{B1815F78-4ECE-4985-866A-F5F0B98304CD}.Release|Any CPU.ActiveCfg = Release|Any CPU
		{B1815F78-4ECE-4985-866A-F5F0B98304CD}.Release|Any CPU.Build.0 = Release|Any CPU
		{B1815F78-4ECE-4985-866A-F5F0B98304CD}.Release|Mixed Platforms.ActiveCfg = Release|Any CPU
		{B1815F78-4ECE-4985-866A-F5F0B98304CD}.Release|Mixed Platforms.Build.0 = Release|Any CPU
		{B1815F78-4ECE-4985-866A-F5F0B98304CD}.Release|Win32.ActiveCfg = Release|Any CPU
		{B1815F78-4ECE-4985-866A-F5F0B98304CD}.ReleaseFinal|Any CPU.ActiveCfg = ReleaseFinal|Any CPU
		{B1815F78-4ECE-4985-866A-F5F0B98304CD}.ReleaseFinal|Any CPU.Build.0 = ReleaseFinal|Any CPU
		{B1815F78-4ECE-4985-866A-F5F0B98304CD}.ReleaseFinal|Mixed Platforms.ActiveCfg = ReleaseFinal|Any CPU
		{B1815F78-4ECE-4985-866A-F5F0B98304CD}.ReleaseFinal|Mixed Platforms.Build.0 = ReleaseFinal|Any CPU
		{B1815F78-4ECE-4985-866A-F5F0B98304CD}.ReleaseFinal|Win32.ActiveCfg = ReleaseFinal|Any CPU
		{25F632D3-8E88-4944-8EEF-005F21E93525}.Debug|Any CPU.ActiveCfg = Debug|Any CPU
		{25F632D3-8E88-4944-8EEF-005F21E93525}.Debug|Any CPU.Build.0 = Debug|Any CPU
		{25F632D3-8E88-4944-8EEF-005F21E93525}.Debug|Mixed Platforms.ActiveCfg = Debug|Any CPU
		{25F632D3-8E88-4944-8EEF-005F21E93525}.Debug|Mixed Platforms.Build.0 = Debug|Any CPU
		{25F632D3-8E88-4944-8EEF-005F21E93525}.Debug|Win32.ActiveCfg = Debug|Any CPU
		{25F632D3-8E88-4944-8EEF-005F21E93525}.Release|Any CPU.ActiveCfg = Release|Any CPU
		{25F632D3-8E88-4944-8EEF-005F21E93525}.Release|Any CPU.Build.0 = Release|Any CPU
		{25F632D3-8E88-4944-8EEF-005F21E93525}.Release|Mixed Platforms.ActiveCfg = Release|Any CPU
		{25F632D3-8E88-4944-8EEF-005F21E93525}.Release|Mixed Platforms.Build.0 = Release|Any CPU
		{25F632D3-8E88-4944-8EEF-005F21E93525}.Release|Win32.ActiveCfg = Release|Any CPU
		{25F632D3-8E88-4944-8EEF-005F21E93525}.ReleaseFinal|Any CPU.ActiveCfg = ReleaseFinal|Any CPU
		{25F632D3-8E88-4944-8EEF-005F21E93525}.ReleaseFinal|Any CPU.Build.0 = ReleaseFinal|Any CPU
		{25F632D3-8E88-4944-8EEF-005F21E93525}.ReleaseFinal|Mixed Platforms.ActiveCfg = ReleaseFinal|Any CPU
		{25F632D3-8E88-4944-8EEF-005F21E93525}.ReleaseFinal|Mixed Platforms.Build.0 = ReleaseFinal|Any CPU
		{25F632D3-8E88-4944-8EEF-005F21E93525}.ReleaseFinal|Win32.ActiveCfg = ReleaseFinal|Any CPU
		{52124A3A-D684-46A2-9804-22C79561F0EE}.Debug|Any CPU.ActiveCfg = Debug|Any CPU
		{52124A3A-D684-46A2-9804-22C79561F0EE}.Debug|Any CPU.Build.0 = Debug|Any CPU
		{52124A3A-D684-46A2-9804-22C79561F0EE}.Debug|Mixed Platforms.ActiveCfg = Debug|Any CPU
		{52124A3A-D684-46A2-9804-22C79561F0EE}.Debug|Mixed Platforms.Build.0 = Debug|Any CPU
		{52124A3A-D684-46A2-9804-22C79561F0EE}.Debug|Win32.ActiveCfg = Debug|Any CPU
		{52124A3A-D684-46A2-9804-22C79561F0EE}.Release|Any CPU.ActiveCfg = Release|Any CPU
		{52124A3A-D684-46A2-9804-22C79561F0EE}.Release|Any CPU.Build.0 = Release|Any CPU
		{52124A3A-D684-46A2-9804-22C79561F0EE}.Release|Mixed Platforms.ActiveCfg = Release|Any CPU
		{52124A3A-D684-46A2-9804-22C79561F0EE}.Release|Mixed Platforms.Build.0 = Release|Any CPU
		{52124A3A-D684-46A2-9804-22C79561F0EE}.Release|Win32.ActiveCfg = Release|Any CPU
		{52124A3A-D684-46A2-9804-22C79561F0EE}.ReleaseFinal|Any CPU.ActiveCfg = ReleaseFinal|Any CPU
		{52124A3A-D684-46A2-9804-22C79561F0EE}.ReleaseFinal|Any CPU.Build.0 = ReleaseFinal|Any CPU
		{52124A3A-D684-46A2-9804-22C79561F0EE}.ReleaseFinal|Mixed Platforms.ActiveCfg = ReleaseFinal|Any CPU
		{52124A3A-D684-46A2-9804-22C79561F0EE}.ReleaseFinal|Mixed Platforms.Build.0 = ReleaseFinal|Any CPU
		{52124A3A-D684-46A2-9804-22C79561F0EE}.ReleaseFinal|Win32.ActiveCfg = ReleaseFinal|Any CPU
		{F62337A5-84EF-413D-ADA0-012DFC3FED8F}.Debug|Any CPU.ActiveCfg = Debug|Any CPU
		{F62337A5-84EF-413D-ADA0-012DFC3FED8F}.Debug|Any CPU.Build.0 = Debug|Any CPU
		{F62337A5-84EF-413D-ADA0-012DFC3FED8F}.Debug|Mixed Platforms.ActiveCfg = Debug|Any CPU
		{F62337A5-84EF-413D-ADA0-012DFC3FED8F}.Debug|Mixed Platforms.Build.0 = Debug|Any CPU
		{F62337A5-84EF-413D-ADA0-012DFC3FED8F}.Debug|Win32.ActiveCfg = Debug|Any CPU
		{F62337A5-84EF-413D-ADA0-012DFC3FED8F}.Release|Any CPU.ActiveCfg = Release|Any CPU
		{F62337A5-84EF-413D-ADA0-012DFC3FED8F}.Release|Any CPU.Build.0 = Release|Any CPU
		{F62337A5-84EF-413D-ADA0-012DFC3FED8F}.Release|Mixed Platforms.ActiveCfg = Release|Any CPU
		{F62337A5-84EF-413D-ADA0-012DFC3FED8F}.Release|Mixed Platforms.Build.0 = Release|Any CPU
		{F62337A5-84EF-413D-ADA0-012DFC3FED8F}.Release|Win32.ActiveCfg = Release|Any CPU
		{F62337A5-84EF-413D-ADA0-012DFC3FED8F}.ReleaseFinal|Any CPU.ActiveCfg = ReleaseFinal|Any CPU
		{F62337A5-84EF-413D-ADA0-012DFC3FED8F}.ReleaseFinal|Any CPU.Build.0 = ReleaseFinal|Any CPU
		{F62337A5-84EF-413D-ADA0-012DFC3FED8F}.ReleaseFinal|Mixed Platforms.ActiveCfg = ReleaseFinal|Any CPU
		{F62337A5-84EF-413D-ADA0-012DFC3FED8F}.ReleaseFinal|Mixed Platforms.Build.0 = ReleaseFinal|Any CPU
		{F62337A5-84EF-413D-ADA0-012DFC3FED8F}.ReleaseFinal|Win32.ActiveCfg = ReleaseFinal|Any CPU
		{D21CA99C-BE12-4F3E-8DB2-9285FF833E25}.Debug|Any CPU.ActiveCfg = Debug|Any CPU
		{D21CA99C-BE12-4F3E-8DB2-9285FF833E25}.Debug|Any CPU.Build.0 = Debug|Any CPU
		{D21CA99C-BE12-4F3E-8DB2-9285FF833E25}.Debug|Mixed Platforms.ActiveCfg = Debug|Any CPU
		{D21CA99C-BE12-4F3E-8DB2-9285FF833E25}.Debug|Mixed Platforms.Build.0 = Debug|Any CPU
		{D21CA99C-BE12-4F3E-8DB2-9285FF833E25}.Debug|Win32.ActiveCfg = Debug|Any CPU
		{D21CA99C-BE12-4F3E-8DB2-9285FF833E25}.Release|Any CPU.ActiveCfg = Release|Any CPU
		{D21CA99C-BE12-4F3E-8DB2-9285FF833E25}.Release|Any CPU.Build.0 = Release|Any CPU
		{D21CA99C-BE12-4F3E-8DB2-9285FF833E25}.Release|Mixed Platforms.ActiveCfg = Release|Any CPU
		{D21CA99C-BE12-4F3E-8DB2-9285FF833E25}.Release|Mixed Platforms.Build.0 = Release|Any CPU
		{D21CA99C-BE12-4F3E-8DB2-9285FF833E25}.Release|Win32.ActiveCfg = Release|Any CPU
		{D21CA99C-BE12-4F3E-8DB2-9285FF833E25}.ReleaseFinal|Any CPU.ActiveCfg = ReleaseFinal|Any CPU
		{D21CA99C-BE12-4F3E-8DB2-9285FF833E25}.ReleaseFinal|Any CPU.Build.0 = ReleaseFinal|Any CPU
		{D21CA99C-BE12-4F3E-8DB2-9285FF833E25}.ReleaseFinal|Mixed Platforms.ActiveCfg = ReleaseFinal|Any CPU
		{D21CA99C-BE12-4F3E-8DB2-9285FF833E25}.ReleaseFinal|Mixed Platforms.Build.0 = ReleaseFinal|Any CPU
		{D21CA99C-BE12-4F3E-8DB2-9285FF833E25}.ReleaseFinal|Win32.ActiveCfg = ReleaseFinal|Any CPU
		{82F5E385-DDEA-4FBA-BFEC-3F8A489295BA}.Debug|Any CPU.ActiveCfg = Debug|Any CPU
		{82F5E385-DDEA-4FBA-BFEC-3F8A489295BA}.Debug|Any CPU.Build.0 = Debug|Any CPU
		{82F5E385-DDEA-4FBA-BFEC-3F8A489295BA}.Debug|Mixed Platforms.ActiveCfg = Debug|Any CPU
		{82F5E385-DDEA-4FBA-BFEC-3F8A489295BA}.Debug|Mixed Platforms.Build.0 = Debug|Any CPU
		{82F5E385-DDEA-4FBA-BFEC-3F8A489295BA}.Debug|Win32.ActiveCfg = Debug|Any CPU
		{82F5E385-DDEA-4FBA-BFEC-3F8A489295BA}.Release|Any CPU.ActiveCfg = Release|Any CPU
		{82F5E385-DDEA-4FBA-BFEC-3F8A489295BA}.Release|Any CPU.Build.0 = Release|Any CPU
		{82F5E385-DDEA-4FBA-BFEC-3F8A489295BA}.Release|Mixed Platforms.ActiveCfg = Release|Any CPU
		{82F5E385-DDEA-4FBA-BFEC-3F8A489295BA}.Release|Mixed Platforms.Build.0 = Release|Any CPU
		{82F5E385-DDEA-4FBA-BFEC-3F8A489295BA}.Release|Win32.ActiveCfg = Release|Any CPU
		{82F5E385-DDEA-4FBA-BFEC-3F8A489295BA}.ReleaseFinal|Any CPU.ActiveCfg = Release|Any CPU
		{82F5E385-DDEA-4FBA-BFEC-3F8A489295BA}.ReleaseFinal|Any CPU.Build.0 = Release|Any CPU
		{82F5E385-DDEA-4FBA-BFEC-3F8A489295BA}.ReleaseFinal|Mixed Platforms.ActiveCfg = Release|Any CPU
		{82F5E385-DDEA-4FBA-BFEC-3F8A489295BA}.ReleaseFinal|Mixed Platforms.Build.0 = Release|Any CPU
		{82F5E385-DDEA-4FBA-BFEC-3F8A489295BA}.ReleaseFinal|Win32.ActiveCfg = Release|Any CPU
	EndGlobalSection
	GlobalSection(SolutionProperties) = preSolution
		HideSolutionNode = FALSE
	EndGlobalSection
EndGlobal
